
Microsoft Visual Studio Solution File, Format Version 12.00
# Visual Studio 2013
VisualStudioVersion = 12.0.31101.0
MinimumVisualStudioVersion = 10.0.40219.1
Project("{FAE04EC0-301F-11D3-BF4B-00C04F79EFBC}") = "HDocument", "HDocument\HDocument.csproj", "{C50B6CBB-3B27-41B5-B906-64D2DAF9A9BE}"
EndProject
Project("{2150E333-8FDC-42A3-9474-1A3956D46DE8}") = "Tests", "Tests", "{CDC4B5C7-95F0-4961-9804-30FBBA096E83}"
EndProject
Project("{FAE04EC0-301F-11D3-BF4B-00C04F79EFBC}") = "HDocument.Tests", "HDocument.Tests\HDocument.Tests.csproj", "{0A0F7AD6-3694-4D5F-B23C-3B8D3266D3F6}"
EndProject
Project("{2150E333-8FDC-42A3-9474-1A3956D46DE8}") = "Github", "Github", "{1D2483B5-95F2-49F2-B306-20A849DA72E4}"
	ProjectSection(SolutionItems) = preProject
		..\README.md = ..\README.md
	EndProjectSection
EndProject
Project("{2150E333-8FDC-42A3-9474-1A3956D46DE8}") = "Build", "Build", "{712753E4-A248-486B-9DA2-006B84433BF2}"
	ProjectSection(SolutionItems) = preProject
		HDocument\HDocument.nuspec = HDocument\HDocument.nuspec
	EndProjectSection
EndProject
Global
	GlobalSection(SolutionConfigurationPlatforms) = preSolution
		Debug|Any CPU = Debug|Any CPU
		Release|Any CPU = Release|Any CPU
	EndGlobalSection
	GlobalSection(ProjectConfigurationPlatforms) = postSolution
		{C50B6CBB-3B27-41B5-B906-64D2DAF9A9BE}.Debug|Any CPU.ActiveCfg = Debug|Any CPU
		{C50B6CBB-3B27-41B5-B906-64D2DAF9A9BE}.Debug|Any CPU.Build.0 = Debug|Any CPU
		{C50B6CBB-3B27-41B5-B906-64D2DAF9A9BE}.Release|Any CPU.ActiveCfg = Release|Any CPU
		{C50B6CBB-3B27-41B5-B906-64D2DAF9A9BE}.Release|Any CPU.Build.0 = Release|Any CPU
		{0A0F7AD6-3694-4D5F-B23C-3B8D3266D3F6}.Debug|Any CPU.ActiveCfg = Debug|Any CPU
		{0A0F7AD6-3694-4D5F-B23C-3B8D3266D3F6}.Debug|Any CPU.Build.0 = Debug|Any CPU
		{0A0F7AD6-3694-4D5F-B23C-3B8D3266D3F6}.Release|Any CPU.ActiveCfg = Release|Any CPU
		{0A0F7AD6-3694-4D5F-B23C-3B8D3266D3F6}.Release|Any CPU.Build.0 = Release|Any CPU
	EndGlobalSection
	GlobalSection(SolutionProperties) = preSolution
		HideSolutionNode = FALSE
	EndGlobalSection
	GlobalSection(NestedProjects) = preSolution
		{0A0F7AD6-3694-4D5F-B23C-3B8D3266D3F6} = {CDC4B5C7-95F0-4961-9804-30FBBA096E83}
	EndGlobalSection
EndGlobal
